
Microsoft Visual Studio Solution File, Format Version 12.00
# Visual Studio Version 17
VisualStudioVersion = 17.8.34316.72
MinimumVisualStudioVersion = 10.0.40219.1
Project("{2150E333-8FDC-42A3-9474-1A3956D46DE8}") = "Services", "Services", "{CF37AE6A-F27E-4B36-A94B-7D9FDA3590C1}"
EndProject
Project("{2150E333-8FDC-42A3-9474-1A3956D46DE8}") = "WebApps", "WebApps", "{239602CF-32DC-4304-B26F-085C9DA9EBE1}"
EndProject
Project("{2150E333-8FDC-42A3-9474-1A3956D46DE8}") = "BuildingBlocks", "BuildingBlocks", "{42781DF0-CCE4-442F-9311-365F1E967E22}"
EndProject
Project("{2150E333-8FDC-42A3-9474-1A3956D46DE8}") = "Customer", "Customer", "{12F8CC69-ADB2-4580-87BF-70610D3252F7}"
EndProject
Project("{9A19103F-16F7-4668-BE54-9A1E7A4F7556}") = "Customer.API", "Services\Customer\Customer.API\Customer.API.csproj", "{780454A7-0491-49F7-9C82-B4794A93E9D1}"
EndProject
Project("{9A19103F-16F7-4668-BE54-9A1E7A4F7556}") = "Customer.Application", "Services\Customer\Customer.Application\Customer.Application.csproj", "{7FBA23FD-6F3F-497E-B66D-57513B1905E9}"
EndProject
Project("{9A19103F-16F7-4668-BE54-9A1E7A4F7556}") = "Customer.Domain", "Services\Customer\Customer.Domain\Customer.Domain.csproj", "{67C6A539-7C91-428E-8947-61BA6804AA66}"
EndProject
Project("{9A19103F-16F7-4668-BE54-9A1E7A4F7556}") = "Customer.Infrastructure", "Services\Customer\Customer.Infrastructure\Customer.Infrastructure.csproj", "{577D4B3E-10EE-4265-80BD-EE4BB81C05A7}"
EndProject
Project("{9A19103F-16F7-4668-BE54-9A1E7A4F7556}") = "WebStatus", "WebApps\WebStatus\WebStatus.csproj", "{2754D73F-1280-4C97-8C93-BBF6253430BC}"
EndProject
Project("{9A19103F-16F7-4668-BE54-9A1E7A4F7556}") = "Common.Logging", "BuildingBlocks\Common.Logging\Common.Logging.csproj", "{B3189F30-4ABB-4AD1-9E2F-470AF40CE72B}"
EndProject
Project("{E53339B2-1760-4266-BCC7-CA923CBCF16C}") = "docker-compose", "docker-compose.dcproj", "{AF673A8C-9964-4B7D-927A-E96D81A3B7E2}"
EndProject
Project("{2150E333-8FDC-42A3-9474-1A3956D46DE8}") = "Notification", "Notification", "{0DC0A536-A391-44AF-B1C6-0B763A6F2C3F}"
EndProject
Project("{2150E333-8FDC-42A3-9474-1A3956D46DE8}") = "Campaign", "Campaign", "{E1739FB8-C628-421E-9867-B04DE7927BAC}"
EndProject
Project("{9A19103F-16F7-4668-BE54-9A1E7A4F7556}") = "Campaign.API", "Services\Campaign\Campaign.API\Campaign.API.csproj", "{349EB8FA-3AC0-4B9B-8996-483A3C20FF39}"
EndProject
Project("{9A19103F-16F7-4668-BE54-9A1E7A4F7556}") = "Campaign.Domain", "Services\Campaign\Campaign.Domain\Campaign.Domain.csproj", "{172CFE1D-7F80-403A-96C6-DA7EC78EBE28}"
EndProject
Project("{9A19103F-16F7-4668-BE54-9A1E7A4F7556}") = "Campaign.Infrastructure", "Services\Campaign\Campaign.Infrastructure\Campaign.Infrastructure.csproj", "{C92B4D3D-1A3D-481B-ACCB-8EA2954E0917}"
EndProject
Project("{9A19103F-16F7-4668-BE54-9A1E7A4F7556}") = "Campaign.Application", "Services\Campaign\Campaign.Application\Campaign.Application.csproj", "{9441B28B-C443-4552-81A7-00D326BA86D2}"
EndProject
Project("{9A19103F-16F7-4668-BE54-9A1E7A4F7556}") = "Notification.API", "Services\Notification\Notification.API\Notification.API.csproj", "{C681275C-74E2-4FAD-AC41-CD4D114305AB}"
EndProject
Project("{9A19103F-16F7-4668-BE54-9A1E7A4F7556}") = "Notification.Application", "Services\Notification\Notification.Application\Notification.Application.csproj", "{E69151E9-BDAB-40DD-B351-11C91CE4E9C1}"
EndProject
Project("{9A19103F-16F7-4668-BE54-9A1E7A4F7556}") = "Notification.Domain", "Services\Notification\Notification.Domain\Notification.Domain.csproj", "{2712D7AC-CBED-408D-AF14-4EFCCA456939}"
EndProject
Project("{2150E333-8FDC-42A3-9474-1A3956D46DE8}") = "Tests", "Tests", "{15B81DA6-612E-4426-B3F3-0A87C5B0C376}"
EndProject
Project("{2150E333-8FDC-42A3-9474-1A3956D46DE8}") = "LoadTests", "LoadTests", "{72C166B9-69DD-4E1B-AB55-DEC42FC7CF7E}"
EndProject
Project("{9A19103F-16F7-4668-BE54-9A1E7A4F7556}") = "Notification.Infrastructure.Simplified", "Services\Notification\Notification.Infrastructure.Simplified\Notification.Infrastructure.Simplified.csproj", "{888847EC-FAF3-4B23-8C30-A63E90BBC386}"
EndProject
Project("{2150E333-8FDC-42A3-9474-1A3956D46DE8}") = "CampaignTests", "CampaignTests", "{E6336856-890B-4E16-A293-D52A9E47B181}"
EndProject
Project("{2150E333-8FDC-42A3-9474-1A3956D46DE8}") = "CustomerTests", "CustomerTests", "{984F751F-E3B1-42FD-8AC6-984EF38D304F}"
EndProject
Project("{2150E333-8FDC-42A3-9474-1A3956D46DE8}") = "NotificationTests", "NotificationTests", "{9BDFECB6-2B93-4415-B695-07D84363D9FA}"
EndProject
Project("{FAE04EC0-301F-11D3-BF4B-00C04F79EFBC}") = "Campaign.API.Tests", "Tests\CampaignTests\Campaign.API.Tests\Campaign.API.Tests.csproj", "{0F892F51-A7FC-439A-B474-AAF42E3DD972}"
EndProject
Project("{9A19103F-16F7-4668-BE54-9A1E7A4F7556}") = "Campaign.Application.Tests", "Tests\CampaignTests\Campaign.Application.Tests\Campaign.Application.Tests.csproj", "{EF8DFDA1-1136-4269-AA0A-2A65E49B0950}"
EndProject
Project("{9A19103F-16F7-4668-BE54-9A1E7A4F7556}") = "Campaign.Domain.Tests", "Tests\CampaignTests\Campaign.Domain.Tests\Campaign.Domain.Tests.csproj", "{1B44677C-FAE5-4473-A6B4-C4EF1580BEEA}"
EndProject
Project("{9A19103F-16F7-4668-BE54-9A1E7A4F7556}") = "Campaign.Infrastructure.Tests", "Tests\CampaignTests\Campaign.Infrastructure.Tests\Campaign.Infrastructure.Tests.csproj", "{C179FB58-6280-4A36-9473-F686DA7590FA}"
EndProject
Project("{9A19103F-16F7-4668-BE54-9A1E7A4F7556}") = "Customer.API.Tests", "Tests\CustomerTests\Customer.API.Tests\Customer.API.Tests.csproj", "{49C24EA7-02DF-4BF5-8595-A35919CEBE11}"
EndProject
Project("{9A19103F-16F7-4668-BE54-9A1E7A4F7556}") = "Customer.Application.Tests", "Tests\CustomerTests\Customer.Application.Tests\Customer.Application.Tests.csproj", "{5656A2E0-E2AD-4E0B-BB5C-176643F10548}"
EndProject
Project("{9A19103F-16F7-4668-BE54-9A1E7A4F7556}") = "Customer.Infrastructure.Tests", "Tests\CustomerTests\Customer.Infrastructure.Tests\Customer.Infrastructure.Tests.csproj", "{3E25F60C-1D21-46ED-9567-F39F7CA130DA}"
EndProject
Project("{9A19103F-16F7-4668-BE54-9A1E7A4F7556}") = "Customer.Domain.Tests", "Tests\CustomerTests\Customer.Domain.Tests\Customer.Domain.Tests.csproj", "{6B31E289-8C1B-422E-A930-A98C67DBC1A8}"
EndProject
Project("{9A19103F-16F7-4668-BE54-9A1E7A4F7556}") = "Notification.API.Tests", "Tests\NotificationTests\Notification.API.Tests\Notification.API.Tests.csproj", "{1CB90830-0F42-4C47-916D-5CD3A31AFA1B}"
EndProject
Project("{9A19103F-16F7-4668-BE54-9A1E7A4F7556}") = "Notification.Application.Tests", "Tests\NotificationTests\Notification.Application.Tests\Notification.Application.Tests.csproj", "{F7A1B18D-388F-4752-B3AA-5E3731BABC42}"
EndProject
Project("{9A19103F-16F7-4668-BE54-9A1E7A4F7556}") = "Notification.Domain.Tests", "Tests\NotificationTests\Notification.Domain.Tests\Notification.Domain.Tests.csproj", "{73AF6E1D-0710-41CC-93AC-67128C2509D8}"
EndProject
Project("{9A19103F-16F7-4668-BE54-9A1E7A4F7556}") = "Notification.Infrastructure.Tests", "Tests\NotificationTests\Notification.Infrastructure.Tests\Notification.Infrastructure.Tests.csproj", "{5C8A2134-EE02-4046-A2F5-2A0100562337}"
EndProject
Global
	GlobalSection(SolutionConfigurationPlatforms) = preSolution
		Debug|Any CPU = Debug|Any CPU
		Release|Any CPU = Release|Any CPU
	EndGlobalSection
	GlobalSection(ProjectConfigurationPlatforms) = postSolution
		{780454A7-0491-49F7-9C82-B4794A93E9D1}.Debug|Any CPU.ActiveCfg = Debug|Any CPU
		{780454A7-0491-49F7-9C82-B4794A93E9D1}.Debug|Any CPU.Build.0 = Debug|Any CPU
		{780454A7-0491-49F7-9C82-B4794A93E9D1}.Release|Any CPU.ActiveCfg = Release|Any CPU
		{780454A7-0491-49F7-9C82-B4794A93E9D1}.Release|Any CPU.Build.0 = Release|Any CPU
		{7FBA23FD-6F3F-497E-B66D-57513B1905E9}.Debug|Any CPU.ActiveCfg = Debug|Any CPU
		{7FBA23FD-6F3F-497E-B66D-57513B1905E9}.Debug|Any CPU.Build.0 = Debug|Any CPU
		{7FBA23FD-6F3F-497E-B66D-57513B1905E9}.Release|Any CPU.ActiveCfg = Release|Any CPU
		{7FBA23FD-6F3F-497E-B66D-57513B1905E9}.Release|Any CPU.Build.0 = Release|Any CPU
		{67C6A539-7C91-428E-8947-61BA6804AA66}.Debug|Any CPU.ActiveCfg = Debug|Any CPU
		{67C6A539-7C91-428E-8947-61BA6804AA66}.Debug|Any CPU.Build.0 = Debug|Any CPU
		{67C6A539-7C91-428E-8947-61BA6804AA66}.Release|Any CPU.ActiveCfg = Release|Any CPU
		{67C6A539-7C91-428E-8947-61BA6804AA66}.Release|Any CPU.Build.0 = Release|Any CPU
		{577D4B3E-10EE-4265-80BD-EE4BB81C05A7}.Debug|Any CPU.ActiveCfg = Debug|Any CPU
		{577D4B3E-10EE-4265-80BD-EE4BB81C05A7}.Debug|Any CPU.Build.0 = Debug|Any CPU
		{577D4B3E-10EE-4265-80BD-EE4BB81C05A7}.Release|Any CPU.ActiveCfg = Release|Any CPU
		{577D4B3E-10EE-4265-80BD-EE4BB81C05A7}.Release|Any CPU.Build.0 = Release|Any CPU
		{2754D73F-1280-4C97-8C93-BBF6253430BC}.Debug|Any CPU.ActiveCfg = Debug|Any CPU
		{2754D73F-1280-4C97-8C93-BBF6253430BC}.Debug|Any CPU.Build.0 = Debug|Any CPU
		{2754D73F-1280-4C97-8C93-BBF6253430BC}.Release|Any CPU.ActiveCfg = Release|Any CPU
		{2754D73F-1280-4C97-8C93-BBF6253430BC}.Release|Any CPU.Build.0 = Release|Any CPU
		{B3189F30-4ABB-4AD1-9E2F-470AF40CE72B}.Debug|Any CPU.ActiveCfg = Debug|Any CPU
		{B3189F30-4ABB-4AD1-9E2F-470AF40CE72B}.Debug|Any CPU.Build.0 = Debug|Any CPU
		{B3189F30-4ABB-4AD1-9E2F-470AF40CE72B}.Release|Any CPU.ActiveCfg = Release|Any CPU
		{B3189F30-4ABB-4AD1-9E2F-470AF40CE72B}.Release|Any CPU.Build.0 = Release|Any CPU
		{AF673A8C-9964-4B7D-927A-E96D81A3B7E2}.Debug|Any CPU.ActiveCfg = Debug|Any CPU
		{AF673A8C-9964-4B7D-927A-E96D81A3B7E2}.Debug|Any CPU.Build.0 = Debug|Any CPU
		{AF673A8C-9964-4B7D-927A-E96D81A3B7E2}.Release|Any CPU.ActiveCfg = Release|Any CPU
		{AF673A8C-9964-4B7D-927A-E96D81A3B7E2}.Release|Any CPU.Build.0 = Release|Any CPU
		{349EB8FA-3AC0-4B9B-8996-483A3C20FF39}.Debug|Any CPU.ActiveCfg = Debug|Any CPU
		{349EB8FA-3AC0-4B9B-8996-483A3C20FF39}.Debug|Any CPU.Build.0 = Debug|Any CPU
		{349EB8FA-3AC0-4B9B-8996-483A3C20FF39}.Release|Any CPU.ActiveCfg = Release|Any CPU
		{349EB8FA-3AC0-4B9B-8996-483A3C20FF39}.Release|Any CPU.Build.0 = Release|Any CPU
		{172CFE1D-7F80-403A-96C6-DA7EC78EBE28}.Debug|Any CPU.ActiveCfg = Debug|Any CPU
		{172CFE1D-7F80-403A-96C6-DA7EC78EBE28}.Debug|Any CPU.Build.0 = Debug|Any CPU
		{172CFE1D-7F80-403A-96C6-DA7EC78EBE28}.Release|Any CPU.ActiveCfg = Release|Any CPU
		{172CFE1D-7F80-403A-96C6-DA7EC78EBE28}.Release|Any CPU.Build.0 = Release|Any CPU
		{C92B4D3D-1A3D-481B-ACCB-8EA2954E0917}.Debug|Any CPU.ActiveCfg = Debug|Any CPU
		{C92B4D3D-1A3D-481B-ACCB-8EA2954E0917}.Debug|Any CPU.Build.0 = Debug|Any CPU
		{C92B4D3D-1A3D-481B-ACCB-8EA2954E0917}.Release|Any CPU.ActiveCfg = Release|Any CPU
		{C92B4D3D-1A3D-481B-ACCB-8EA2954E0917}.Release|Any CPU.Build.0 = Release|Any CPU
		{9441B28B-C443-4552-81A7-00D326BA86D2}.Debug|Any CPU.ActiveCfg = Debug|Any CPU
		{9441B28B-C443-4552-81A7-00D326BA86D2}.Debug|Any CPU.Build.0 = Debug|Any CPU
		{9441B28B-C443-4552-81A7-00D326BA86D2}.Release|Any CPU.ActiveCfg = Release|Any CPU
		{9441B28B-C443-4552-81A7-00D326BA86D2}.Release|Any CPU.Build.0 = Release|Any CPU
		{C681275C-74E2-4FAD-AC41-CD4D114305AB}.Debug|Any CPU.ActiveCfg = Debug|Any CPU
		{C681275C-74E2-4FAD-AC41-CD4D114305AB}.Debug|Any CPU.Build.0 = Debug|Any CPU
		{C681275C-74E2-4FAD-AC41-CD4D114305AB}.Release|Any CPU.ActiveCfg = Release|Any CPU
		{C681275C-74E2-4FAD-AC41-CD4D114305AB}.Release|Any CPU.Build.0 = Release|Any CPU
		{E69151E9-BDAB-40DD-B351-11C91CE4E9C1}.Debug|Any CPU.ActiveCfg = Debug|Any CPU
		{E69151E9-BDAB-40DD-B351-11C91CE4E9C1}.Debug|Any CPU.Build.0 = Debug|Any CPU
		{E69151E9-BDAB-40DD-B351-11C91CE4E9C1}.Release|Any CPU.ActiveCfg = Release|Any CPU
		{E69151E9-BDAB-40DD-B351-11C91CE4E9C1}.Release|Any CPU.Build.0 = Release|Any CPU
		{2712D7AC-CBED-408D-AF14-4EFCCA456939}.Debug|Any CPU.ActiveCfg = Debug|Any CPU
		{2712D7AC-CBED-408D-AF14-4EFCCA456939}.Debug|Any CPU.Build.0 = Debug|Any CPU
		{2712D7AC-CBED-408D-AF14-4EFCCA456939}.Release|Any CPU.ActiveCfg = Release|Any CPU
		{2712D7AC-CBED-408D-AF14-4EFCCA456939}.Release|Any CPU.Build.0 = Release|Any CPU
		{888847EC-FAF3-4B23-8C30-A63E90BBC386}.Debug|Any CPU.ActiveCfg = Debug|Any CPU
		{888847EC-FAF3-4B23-8C30-A63E90BBC386}.Debug|Any CPU.Build.0 = Debug|Any CPU
		{888847EC-FAF3-4B23-8C30-A63E90BBC386}.Release|Any CPU.ActiveCfg = Release|Any CPU
		{888847EC-FAF3-4B23-8C30-A63E90BBC386}.Release|Any CPU.Build.0 = Release|Any CPU
		{0F892F51-A7FC-439A-B474-AAF42E3DD972}.Debug|Any CPU.ActiveCfg = Debug|Any CPU
		{0F892F51-A7FC-439A-B474-AAF42E3DD972}.Debug|Any CPU.Build.0 = Debug|Any CPU
		{0F892F51-A7FC-439A-B474-AAF42E3DD972}.Release|Any CPU.ActiveCfg = Release|Any CPU
		{0F892F51-A7FC-439A-B474-AAF42E3DD972}.Release|Any CPU.Build.0 = Release|Any CPU
		{EF8DFDA1-1136-4269-AA0A-2A65E49B0950}.Debug|Any CPU.ActiveCfg = Debug|Any CPU
		{EF8DFDA1-1136-4269-AA0A-2A65E49B0950}.Debug|Any CPU.Build.0 = Debug|Any CPU
		{EF8DFDA1-1136-4269-AA0A-2A65E49B0950}.Release|Any CPU.ActiveCfg = Release|Any CPU
		{EF8DFDA1-1136-4269-AA0A-2A65E49B0950}.Release|Any CPU.Build.0 = Release|Any CPU
		{1B44677C-FAE5-4473-A6B4-C4EF1580BEEA}.Debug|Any CPU.ActiveCfg = Debug|Any CPU
		{1B44677C-FAE5-4473-A6B4-C4EF1580BEEA}.Debug|Any CPU.Build.0 = Debug|Any CPU
		{1B44677C-FAE5-4473-A6B4-C4EF1580BEEA}.Release|Any CPU.ActiveCfg = Release|Any CPU
		{1B44677C-FAE5-4473-A6B4-C4EF1580BEEA}.Release|Any CPU.Build.0 = Release|Any CPU
		{C179FB58-6280-4A36-9473-F686DA7590FA}.Debug|Any CPU.ActiveCfg = Debug|Any CPU
		{C179FB58-6280-4A36-9473-F686DA7590FA}.Debug|Any CPU.Build.0 = Debug|Any CPU
		{C179FB58-6280-4A36-9473-F686DA7590FA}.Release|Any CPU.ActiveCfg = Release|Any CPU
		{C179FB58-6280-4A36-9473-F686DA7590FA}.Release|Any CPU.Build.0 = Release|Any CPU
		{49C24EA7-02DF-4BF5-8595-A35919CEBE11}.Debug|Any CPU.ActiveCfg = Debug|Any CPU
		{49C24EA7-02DF-4BF5-8595-A35919CEBE11}.Debug|Any CPU.Build.0 = Debug|Any CPU
		{49C24EA7-02DF-4BF5-8595-A35919CEBE11}.Release|Any CPU.ActiveCfg = Release|Any CPU
		{49C24EA7-02DF-4BF5-8595-A35919CEBE11}.Release|Any CPU.Build.0 = Release|Any CPU
		{5656A2E0-E2AD-4E0B-BB5C-176643F10548}.Debug|Any CPU.ActiveCfg = Debug|Any CPU
		{5656A2E0-E2AD-4E0B-BB5C-176643F10548}.Debug|Any CPU.Build.0 = Debug|Any CPU
		{5656A2E0-E2AD-4E0B-BB5C-176643F10548}.Release|Any CPU.ActiveCfg = Release|Any CPU
		{5656A2E0-E2AD-4E0B-BB5C-176643F10548}.Release|Any CPU.Build.0 = Release|Any CPU
		{3E25F60C-1D21-46ED-9567-F39F7CA130DA}.Debug|Any CPU.ActiveCfg = Debug|Any CPU
		{3E25F60C-1D21-46ED-9567-F39F7CA130DA}.Debug|Any CPU.Build.0 = Debug|Any CPU
		{3E25F60C-1D21-46ED-9567-F39F7CA130DA}.Release|Any CPU.ActiveCfg = Release|Any CPU
		{3E25F60C-1D21-46ED-9567-F39F7CA130DA}.Release|Any CPU.Build.0 = Release|Any CPU
		{6B31E289-8C1B-422E-A930-A98C67DBC1A8}.Debug|Any CPU.ActiveCfg = Debug|Any CPU
		{6B31E289-8C1B-422E-A930-A98C67DBC1A8}.Debug|Any CPU.Build.0 = Debug|Any CPU
		{6B31E289-8C1B-422E-A930-A98C67DBC1A8}.Release|Any CPU.ActiveCfg = Release|Any CPU
		{6B31E289-8C1B-422E-A930-A98C67DBC1A8}.Release|Any CPU.Build.0 = Release|Any CPU
		{1CB90830-0F42-4C47-916D-5CD3A31AFA1B}.Debug|Any CPU.ActiveCfg = Debug|Any CPU
		{1CB90830-0F42-4C47-916D-5CD3A31AFA1B}.Debug|Any CPU.Build.0 = Debug|Any CPU
		{1CB90830-0F42-4C47-916D-5CD3A31AFA1B}.Release|Any CPU.ActiveCfg = Release|Any CPU
		{1CB90830-0F42-4C47-916D-5CD3A31AFA1B}.Release|Any CPU.Build.0 = Release|Any CPU
		{F7A1B18D-388F-4752-B3AA-5E3731BABC42}.Debug|Any CPU.ActiveCfg = Debug|Any CPU
		{F7A1B18D-388F-4752-B3AA-5E3731BABC42}.Debug|Any CPU.Build.0 = Debug|Any CPU
		{F7A1B18D-388F-4752-B3AA-5E3731BABC42}.Release|Any CPU.ActiveCfg = Release|Any CPU
		{F7A1B18D-388F-4752-B3AA-5E3731BABC42}.Release|Any CPU.Build.0 = Release|Any CPU
		{73AF6E1D-0710-41CC-93AC-67128C2509D8}.Debug|Any CPU.ActiveCfg = Debug|Any CPU
		{73AF6E1D-0710-41CC-93AC-67128C2509D8}.Debug|Any CPU.Build.0 = Debug|Any CPU
		{73AF6E1D-0710-41CC-93AC-67128C2509D8}.Release|Any CPU.ActiveCfg = Release|Any CPU
		{73AF6E1D-0710-41CC-93AC-67128C2509D8}.Release|Any CPU.Build.0 = Release|Any CPU
		{5C8A2134-EE02-4046-A2F5-2A0100562337}.Debug|Any CPU.ActiveCfg = Debug|Any CPU
		{5C8A2134-EE02-4046-A2F5-2A0100562337}.Debug|Any CPU.Build.0 = Debug|Any CPU
		{5C8A2134-EE02-4046-A2F5-2A0100562337}.Release|Any CPU.ActiveCfg = Release|Any CPU
		{5C8A2134-EE02-4046-A2F5-2A0100562337}.Release|Any CPU.Build.0 = Release|Any CPU
	EndGlobalSection
	GlobalSection(SolutionProperties) = preSolution
		HideSolutionNode = FALSE
	EndGlobalSection
	GlobalSection(NestedProjects) = preSolution
		{12F8CC69-ADB2-4580-87BF-70610D3252F7} = {CF37AE6A-F27E-4B36-A94B-7D9FDA3590C1}
		{780454A7-0491-49F7-9C82-B4794A93E9D1} = {12F8CC69-ADB2-4580-87BF-70610D3252F7}
		{7FBA23FD-6F3F-497E-B66D-57513B1905E9} = {12F8CC69-ADB2-4580-87BF-70610D3252F7}
		{67C6A539-7C91-428E-8947-61BA6804AA66} = {12F8CC69-ADB2-4580-87BF-70610D3252F7}
		{577D4B3E-10EE-4265-80BD-EE4BB81C05A7} = {12F8CC69-ADB2-4580-87BF-70610D3252F7}
		{2754D73F-1280-4C97-8C93-BBF6253430BC} = {239602CF-32DC-4304-B26F-085C9DA9EBE1}
		{B3189F30-4ABB-4AD1-9E2F-470AF40CE72B} = {42781DF0-CCE4-442F-9311-365F1E967E22}
		{0DC0A536-A391-44AF-B1C6-0B763A6F2C3F} = {CF37AE6A-F27E-4B36-A94B-7D9FDA3590C1}
		{E1739FB8-C628-421E-9867-B04DE7927BAC} = {CF37AE6A-F27E-4B36-A94B-7D9FDA3590C1}
		{349EB8FA-3AC0-4B9B-8996-483A3C20FF39} = {E1739FB8-C628-421E-9867-B04DE7927BAC}
		{172CFE1D-7F80-403A-96C6-DA7EC78EBE28} = {E1739FB8-C628-421E-9867-B04DE7927BAC}
		{C92B4D3D-1A3D-481B-ACCB-8EA2954E0917} = {E1739FB8-C628-421E-9867-B04DE7927BAC}
		{9441B28B-C443-4552-81A7-00D326BA86D2} = {E1739FB8-C628-421E-9867-B04DE7927BAC}
		{C681275C-74E2-4FAD-AC41-CD4D114305AB} = {0DC0A536-A391-44AF-B1C6-0B763A6F2C3F}
		{E69151E9-BDAB-40DD-B351-11C91CE4E9C1} = {0DC0A536-A391-44AF-B1C6-0B763A6F2C3F}
		{2712D7AC-CBED-408D-AF14-4EFCCA456939} = {0DC0A536-A391-44AF-B1C6-0B763A6F2C3F}
		{888847EC-FAF3-4B23-8C30-A63E90BBC386} = {0DC0A536-A391-44AF-B1C6-0B763A6F2C3F}
		{E6336856-890B-4E16-A293-D52A9E47B181} = {15B81DA6-612E-4426-B3F3-0A87C5B0C376}
		{984F751F-E3B1-42FD-8AC6-984EF38D304F} = {15B81DA6-612E-4426-B3F3-0A87C5B0C376}
		{9BDFECB6-2B93-4415-B695-07D84363D9FA} = {15B81DA6-612E-4426-B3F3-0A87C5B0C376}
		{0F892F51-A7FC-439A-B474-AAF42E3DD972} = {E6336856-890B-4E16-A293-D52A9E47B181}
		{EF8DFDA1-1136-4269-AA0A-2A65E49B0950} = {E6336856-890B-4E16-A293-D52A9E47B181}
		{1B44677C-FAE5-4473-A6B4-C4EF1580BEEA} = {E6336856-890B-4E16-A293-D52A9E47B181}
		{C179FB58-6280-4A36-9473-F686DA7590FA} = {E6336856-890B-4E16-A293-D52A9E47B181}
		{49C24EA7-02DF-4BF5-8595-A35919CEBE11} = {984F751F-E3B1-42FD-8AC6-984EF38D304F}
		{5656A2E0-E2AD-4E0B-BB5C-176643F10548} = {984F751F-E3B1-42FD-8AC6-984EF38D304F}
		{3E25F60C-1D21-46ED-9567-F39F7CA130DA} = {984F751F-E3B1-42FD-8AC6-984EF38D304F}
		{6B31E289-8C1B-422E-A930-A98C67DBC1A8} = {984F751F-E3B1-42FD-8AC6-984EF38D304F}
		{1CB90830-0F42-4C47-916D-5CD3A31AFA1B} = {9BDFECB6-2B93-4415-B695-07D84363D9FA}
		{F7A1B18D-388F-4752-B3AA-5E3731BABC42} = {9BDFECB6-2B93-4415-B695-07D84363D9FA}
		{73AF6E1D-0710-41CC-93AC-67128C2509D8} = {9BDFECB6-2B93-4415-B695-07D84363D9FA}
		{5C8A2134-EE02-4046-A2F5-2A0100562337} = {9BDFECB6-2B93-4415-B695-07D84363D9FA}
	EndGlobalSection
	GlobalSection(ExtensibilityGlobals) = postSolution
		SolutionGuid = {B8752804-FEC8-4A60-B7EA-09C18E44756F}
	EndGlobalSection
EndGlobal
